
Microsoft Visual Studio Solution File, Format Version 12.00
# Visual Studio 15
VisualStudioVersion = 15.0.28307.421
MinimumVisualStudioVersion = 10.0.40219.1
Project("{FAE04EC0-301F-11D3-BF4B-00C04F79EFBC}") = "AutoFixtureDemo.Tests", "AutoFixtureDemo\AutoFixtureDemo.Tests.csproj", "{D6AEDF21-F8B0-4621-AA73-FA12164878A4}"
EndProject
Project("{FAE04EC0-301F-11D3-BF4B-00C04F79EFBC}") = "DemoCode", "DemoCode\DemoCode.csproj", "{D996B1B5-E9E9-4BC1-A745-7A4825CCDBFF}"
EndProject
Global
	GlobalSection(SolutionConfigurationPlatforms) = preSolution
		Debug|Any CPU = Debug|Any CPU
		Release|Any CPU = Release|Any CPU
	EndGlobalSection
	GlobalSection(ProjectConfigurationPlatforms) = postSolution
		{D6AEDF21-F8B0-4621-AA73-FA12164878A4}.Debug|Any CPU.ActiveCfg = Debug|Any CPU
		{D6AEDF21-F8B0-4621-AA73-FA12164878A4}.Debug|Any CPU.Build.0 = Debug|Any CPU
		{D6AEDF21-F8B0-4621-AA73-FA12164878A4}.Release|Any CPU.ActiveCfg = Release|Any CPU
		{D6AEDF21-F8B0-4621-AA73-FA12164878A4}.Release|Any CPU.Build.0 = Release|Any CPU
		{D996B1B5-E9E9-4BC1-A745-7A4825CCDBFF}.Debug|Any CPU.ActiveCfg = Debug|Any CPU
		{D996B1B5-E9E9-4BC1-A745-7A4825CCDBFF}.Debug|Any CPU.Build.0 = Debug|Any CPU
		{D996B1B5-E9E9-4BC1-A745-7A4825CCDBFF}.Release|Any CPU.ActiveCfg = Release|Any CPU
		{D996B1B5-E9E9-4BC1-A745-7A4825CCDBFF}.Release|Any CPU.Build.0 = Release|Any CPU
	EndGlobalSection
	GlobalSection(SolutionProperties) = preSolution
		HideSolutionNode = FALSE
	EndGlobalSection
	GlobalSection(ExtensibilityGlobals) = postSolution
		SolutionGuid = {3A652349-A8B7-4661-8C82-1CD3B51DEB73}
	EndGlobalSection
EndGlobal
